
Microsoft Visual Studio Solution File, Format Version 12.00
# Visual Studio Version 17
VisualStudioVersion = 17.5.002.0
MinimumVisualStudioVersion = 10.0.40219.1
Project("{9A19103F-16F7-4668-BE54-9A1E7A4F7556}") = "LYA1_Sintaxis1", "LYA1_Sintaxis1.csproj", "{D295A5CA-D5B2-4564-B53E-A935A19C3C41}"
EndProject
Global
	GlobalSection(SolutionConfigurationPlatforms) = preSolution
		Debug|Any CPU = Debug|Any CPU
		Release|Any CPU = Release|Any CPU
	EndGlobalSection
	GlobalSection(ProjectConfigurationPlatforms) = postSolution
		{D295A5CA-D5B2-4564-B53E-A935A19C3C41}.Debug|Any CPU.ActiveCfg = Debug|Any CPU
		{D295A5CA-D5B2-4564-B53E-A935A19C3C41}.Debug|Any CPU.Build.0 = Debug|Any CPU
		{D295A5CA-D5B2-4564-B53E-A935A19C3C41}.Release|Any CPU.ActiveCfg = Release|Any CPU
		{D295A5CA-D5B2-4564-B53E-A935A19C3C41}.Release|Any CPU.Build.0 = Release|Any CPU
	EndGlobalSection
	GlobalSection(SolutionProperties) = preSolution
		HideSolutionNode = FALSE
	EndGlobalSection
	GlobalSection(ExtensibilityGlobals) = postSolution
		SolutionGuid = {67C61400-2B07-4DBB-9B8D-92074CD4D9DE}
	EndGlobalSection
EndGlobal
